// !$*UTF8*$!
{
	archiveVersion = 1;
	classes = {
	};
	objectVersion = 46;
	objects = {

/* Begin PBXBuildFile section */
		27156F4D18B76AF50053A99C /* Foundation.framework in Frameworks */ = {isa = PBXBuildFile; fileRef = 27156F4C18B76AF50053A99C /* Foundation.framework */; };
		27156F4F18B76AF50053A99C /* CoreGraphics.framework in Frameworks */ = {isa = PBXBuildFile; fileRef = 27156F4E18B76AF50053A99C /* CoreGraphics.framework */; };
		27156F5118B76AF50053A99C /* UIKit.framework in Frameworks */ = {isa = PBXBuildFile; fileRef = 27156F5018B76AF50053A99C /* UIKit.framework */; };
		27156F5718B76AF50053A99C /* InfoPlist.strings in Resources */ = {isa = PBXBuildFile; fileRef = 27156F5518B76AF50053A99C /* InfoPlist.strings */; };
		27156F5918B76AF50053A99C /* main.m in Sources */ = {isa = PBXBuildFile; fileRef = 27156F5818B76AF50053A99C /* main.m */; };
		27156F5D18B76AF50053A99C /* MackenzieAppDelegate.m in Sources */ = {isa = PBXBuildFile; fileRef = 27156F5C18B76AF50053A99C /* MackenzieAppDelegate.m */; };
		27156F5F18B76AF50053A99C /* Images.xcassets in Resources */ = {isa = PBXBuildFile; fileRef = 27156F5E18B76AF50053A99C /* Images.xcassets */; };
		27156F6618B76AF50053A99C /* XCTest.framework in Frameworks */ = {isa = PBXBuildFile; fileRef = 27156F6518B76AF50053A99C /* XCTest.framework */; };
		27156F6718B76AF50053A99C /* Foundation.framework in Frameworks */ = {isa = PBXBuildFile; fileRef = 27156F4C18B76AF50053A99C /* Foundation.framework */; };
		27156F6818B76AF50053A99C /* UIKit.framework in Frameworks */ = {isa = PBXBuildFile; fileRef = 27156F5018B76AF50053A99C /* UIKit.framework */; };
		27156F7018B76AF50053A99C /* InfoPlist.strings in Resources */ = {isa = PBXBuildFile; fileRef = 27156F6E18B76AF50053A99C /* InfoPlist.strings */; };
		27156F7218B76AF50053A99C /* NavigationTests.m in Sources */ = {isa = PBXBuildFile; fileRef = 27156F7118B76AF50053A99C /* NavigationTests.m */; };
		F73F98F21ABC9BC700E0D11C /* AVFoundation.framework in Frameworks */ = {isa = PBXBuildFile; fileRef = F73F98F11ABC9BC700E0D11C /* AVFoundation.framework */; };
		F74922121ABCA8B800F8A543 /* A.mp3 in Resources */ = {isa = PBXBuildFile; fileRef = F74921F81ABCA85600F8A543 /* A.mp3 */; };
		F74922131ABCA8B800F8A543 /* B.mp3 in Resources */ = {isa = PBXBuildFile; fileRef = F74921F91ABCA85600F8A543 /* B.mp3 */; };
		F74922141ABCA8B800F8A543 /* C.mp3 in Resources */ = {isa = PBXBuildFile; fileRef = F74921FA1ABCA85600F8A543 /* C.mp3 */; };
		F74922151ABCA8B800F8A543 /* D.mp3 in Resources */ = {isa = PBXBuildFile; fileRef = F74921FB1ABCA85600F8A543 /* D.mp3 */; };
		F74922161ABCA8B800F8A543 /* E.mp3 in Resources */ = {isa = PBXBuildFile; fileRef = F74921FC1ABCA85600F8A543 /* E.mp3 */; };
		F74922171ABCA8B800F8A543 /* F.mp3 in Resources */ = {isa = PBXBuildFile; fileRef = F74921FD1ABCA85600F8A543 /* F.mp3 */; };
		F74922181ABCA8B800F8A543 /* G.mp3 in Resources */ = {isa = PBXBuildFile; fileRef = F74921FE1ABCA85600F8A543 /* G.mp3 */; };
		F74922191ABCA8B800F8A543 /* H.mp3 in Resources */ = {isa = PBXBuildFile; fileRef = F74921FF1ABCA85600F8A543 /* H.mp3 */; };
		F749221A1ABCA8B800F8A543 /* I.mp3 in Resources */ = {isa = PBXBuildFile; fileRef = F74922001ABCA85600F8A543 /* I.mp3 */; };
		F749221B1ABCA8B800F8A543 /* J.mp3 in Resources */ = {isa = PBXBuildFile; fileRef = F74922011ABCA85600F8A543 /* J.mp3 */; };
		F749221C1ABCA8B800F8A543 /* K.mp3 in Resources */ = {isa = PBXBuildFile; fileRef = F74922021ABCA85600F8A543 /* K.mp3 */; };
		F749221D1ABCA8B800F8A543 /* L.mp3 in Resources */ = {isa = PBXBuildFile; fileRef = F74922031ABCA85600F8A543 /* L.mp3 */; };
		F749221E1ABCA8B800F8A543 /* M.mp3 in Resources */ = {isa = PBXBuildFile; fileRef = F74922041ABCA85600F8A543 /* M.mp3 */; };
		F749221F1ABCA8B800F8A543 /* N.mp3 in Resources */ = {isa = PBXBuildFile; fileRef = F74922051ABCA85600F8A543 /* N.mp3 */; };
		F74922201ABCA8B800F8A543 /* O.mp3 in Resources */ = {isa = PBXBuildFile; fileRef = F74922061ABCA85600F8A543 /* O.mp3 */; };
		F74922211ABCA8B800F8A543 /* P.mp3 in Resources */ = {isa = PBXBuildFile; fileRef = F74922071ABCA85600F8A543 /* P.mp3 */; };
		F74922221ABCA8B800F8A543 /* Q.mp3 in Resources */ = {isa = PBXBuildFile; fileRef = F74922081ABCA85600F8A543 /* Q.mp3 */; };
		F74922231ABCA8B800F8A543 /* R.mp3 in Resources */ = {isa = PBXBuildFile; fileRef = F74922091ABCA85600F8A543 /* R.mp3 */; };
		F74922241ABCA8B800F8A543 /* S.mp3 in Resources */ = {isa = PBXBuildFile; fileRef = F749220A1ABCA85600F8A543 /* S.mp3 */; };
		F74922251ABCA8B800F8A543 /* T.mp3 in Resources */ = {isa = PBXBuildFile; fileRef = F749220B1ABCA85600F8A543 /* T.mp3 */; };
		F74922261ABCA8B800F8A543 /* U.mp3 in Resources */ = {isa = PBXBuildFile; fileRef = F749220C1ABCA85600F8A543 /* U.mp3 */; };
		F74922271ABCA8B800F8A543 /* V.mp3 in Resources */ = {isa = PBXBuildFile; fileRef = F749220D1ABCA85600F8A543 /* V.mp3 */; };
		F74922281ABCA8B800F8A543 /* W.mp3 in Resources */ = {isa = PBXBuildFile; fileRef = F749220E1ABCA85600F8A543 /* W.mp3 */; };
		F74922291ABCA8B800F8A543 /* X.mp3 in Resources */ = {isa = PBXBuildFile; fileRef = F749220F1ABCA85600F8A543 /* X.mp3 */; };
		F749222A1ABCA8B800F8A543 /* Y.mp3 in Resources */ = {isa = PBXBuildFile; fileRef = F74922101ABCA85600F8A543 /* Y.mp3 */; };
		F749222B1ABCA8B800F8A543 /* Z.mp3 in Resources */ = {isa = PBXBuildFile; fileRef = F74922111ABCA85600F8A543 /* Z.mp3 */; };
		F749222E1ABCABB400F8A543 /* DicionarioTableViewController.m in Sources */ = {isa = PBXBuildFile; fileRef = F749222D1ABCABB400F8A543 /* DicionarioTableViewController.m */; };
		F77DA0441AB74B1C004849AB /* LetraViewController.m in Sources */ = {isa = PBXBuildFile; fileRef = F77DA0431AB74B1C004849AB /* LetraViewController.m */; };
		F77DA0471AB74F2E004849AB /* Singleton.m in Sources */ = {isa = PBXBuildFile; fileRef = F77DA0461AB74F2E004849AB /* Singleton.m */; };
		F7C286C91ABB63B700079501 /* Realm.framework in Frameworks */ = {isa = PBXBuildFile; fileRef = F7C286C81ABB63B700079501 /* Realm.framework */; };
		F7C286CB1ABB63CA00079501 /* libc++.dylib in Frameworks */ = {isa = PBXBuildFile; fileRef = F7C286CA1ABB63CA00079501 /* libc++.dylib */; };
/* End PBXBuildFile section */

/* Begin PBXContainerItemProxy section */
		27156F6918B76AF50053A99C /* PBXContainerItemProxy */ = {
			isa = PBXContainerItemProxy;
			containerPortal = 27156F4118B76AF50053A99C /* Project object */;
			proxyType = 1;
			remoteGlobalIDString = 27156F4818B76AF50053A99C;
			remoteInfo = Navigation;
		};
/* End PBXContainerItemProxy section */

/* Begin PBXFileReference section */
		27156F4918B76AF50053A99C /* Navigation.app */ = {isa = PBXFileReference; explicitFileType = wrapper.application; includeInIndex = 0; path = Navigation.app; sourceTree = BUILT_PRODUCTS_DIR; };
		27156F4C18B76AF50053A99C /* Foundation.framework */ = {isa = PBXFileReference; lastKnownFileType = wrapper.framework; name = Foundation.framework; path = System/Library/Frameworks/Foundation.framework; sourceTree = SDKROOT; };
		27156F4E18B76AF50053A99C /* CoreGraphics.framework */ = {isa = PBXFileReference; lastKnownFileType = wrapper.framework; name = CoreGraphics.framework; path = System/Library/Frameworks/CoreGraphics.framework; sourceTree = SDKROOT; };
		27156F5018B76AF50053A99C /* UIKit.framework */ = {isa = PBXFileReference; lastKnownFileType = wrapper.framework; name = UIKit.framework; path = System/Library/Frameworks/UIKit.framework; sourceTree = SDKROOT; };
		27156F5418B76AF50053A99C /* Navigation-Info.plist */ = {isa = PBXFileReference; lastKnownFileType = text.plist.xml; path = "Navigation-Info.plist"; sourceTree = "<group>"; };
		27156F5618B76AF50053A99C /* en */ = {isa = PBXFileReference; lastKnownFileType = text.plist.strings; name = en; path = en.lproj/InfoPlist.strings; sourceTree = "<group>"; };
		27156F5818B76AF50053A99C /* main.m */ = {isa = PBXFileReference; lastKnownFileType = sourcecode.c.objc; path = main.m; sourceTree = "<group>"; };
		27156F5A18B76AF50053A99C /* Navigation-Prefix.pch */ = {isa = PBXFileReference; lastKnownFileType = sourcecode.c.h; path = "Navigation-Prefix.pch"; sourceTree = "<group>"; };
		27156F5B18B76AF50053A99C /* MackenzieAppDelegate.h */ = {isa = PBXFileReference; lastKnownFileType = sourcecode.c.h; path = MackenzieAppDelegate.h; sourceTree = "<group>"; };
		27156F5C18B76AF50053A99C /* MackenzieAppDelegate.m */ = {isa = PBXFileReference; lastKnownFileType = sourcecode.c.objc; path = MackenzieAppDelegate.m; sourceTree = "<group>"; };
		27156F5E18B76AF50053A99C /* Images.xcassets */ = {isa = PBXFileReference; lastKnownFileType = folder.assetcatalog; path = Images.xcassets; sourceTree = "<group>"; };
		27156F6418B76AF50053A99C /* NavigationTests.xctest */ = {isa = PBXFileReference; explicitFileType = wrapper.cfbundle; includeInIndex = 0; path = NavigationTests.xctest; sourceTree = BUILT_PRODUCTS_DIR; };
		27156F6518B76AF50053A99C /* XCTest.framework */ = {isa = PBXFileReference; lastKnownFileType = wrapper.framework; name = XCTest.framework; path = Library/Frameworks/XCTest.framework; sourceTree = DEVELOPER_DIR; };
		27156F6D18B76AF50053A99C /* NavigationTests-Info.plist */ = {isa = PBXFileReference; lastKnownFileType = text.plist.xml; path = "NavigationTests-Info.plist"; sourceTree = "<group>"; };
		27156F6F18B76AF50053A99C /* en */ = {isa = PBXFileReference; lastKnownFileType = text.plist.strings; name = en; path = en.lproj/InfoPlist.strings; sourceTree = "<group>"; };
		27156F7118B76AF50053A99C /* NavigationTests.m */ = {isa = PBXFileReference; lastKnownFileType = sourcecode.c.objc; path = NavigationTests.m; sourceTree = "<group>"; };
		F73F98ED1ABC98C000E0D11C /* AppKit.framework */ = {isa = PBXFileReference; lastKnownFileType = wrapper.framework; name = AppKit.framework; path = ../../../../../../System/Library/Frameworks/AppKit.framework; sourceTree = "<group>"; };
		F73F98EF1ABC99E200E0D11C /* AppKit */ = {isa = PBXFileReference; lastKnownFileType = "compiled.mach-o.dylib"; name = AppKit; path = ../../../../../../System/Library/Frameworks/AppKit.framework/Versions/C/AppKit; sourceTree = "<group>"; };
		F73F98F11ABC9BC700E0D11C /* AVFoundation.framework */ = {isa = PBXFileReference; lastKnownFileType = wrapper.framework; name = AVFoundation.framework; path = System/Library/Frameworks/AVFoundation.framework; sourceTree = SDKROOT; };
		F74921F81ABCA85600F8A543 /* A.mp3 */ = {isa = PBXFileReference; lastKnownFileType = audio.mp3; path = A.mp3; sourceTree = "<group>"; };
		F74921F91ABCA85600F8A543 /* B.mp3 */ = {isa = PBXFileReference; lastKnownFileType = audio.mp3; path = B.mp3; sourceTree = "<group>"; };
		F74921FA1ABCA85600F8A543 /* C.mp3 */ = {isa = PBXFileReference; lastKnownFileType = audio.mp3; path = C.mp3; sourceTree = "<group>"; };
		F74921FB1ABCA85600F8A543 /* D.mp3 */ = {isa = PBXFileReference; lastKnownFileType = audio.mp3; path = D.mp3; sourceTree = "<group>"; };
		F74921FC1ABCA85600F8A543 /* E.mp3 */ = {isa = PBXFileReference; lastKnownFileType = audio.mp3; path = E.mp3; sourceTree = "<group>"; };
		F74921FD1ABCA85600F8A543 /* F.mp3 */ = {isa = PBXFileReference; lastKnownFileType = audio.mp3; path = F.mp3; sourceTree = "<group>"; };
		F74921FE1ABCA85600F8A543 /* G.mp3 */ = {isa = PBXFileReference; lastKnownFileType = audio.mp3; path = G.mp3; sourceTree = "<group>"; };
		F74921FF1ABCA85600F8A543 /* H.mp3 */ = {isa = PBXFileReference; lastKnownFileType = audio.mp3; path = H.mp3; sourceTree = "<group>"; };
		F74922001ABCA85600F8A543 /* I.mp3 */ = {isa = PBXFileReference; lastKnownFileType = audio.mp3; path = I.mp3; sourceTree = "<group>"; };
		F74922011ABCA85600F8A543 /* J.mp3 */ = {isa = PBXFileReference; lastKnownFileType = audio.mp3; path = J.mp3; sourceTree = "<group>"; };
		F74922021ABCA85600F8A543 /* K.mp3 */ = {isa = PBXFileReference; lastKnownFileType = audio.mp3; path = K.mp3; sourceTree = "<group>"; };
		F74922031ABCA85600F8A543 /* L.mp3 */ = {isa = PBXFileReference; lastKnownFileType = audio.mp3; path = L.mp3; sourceTree = "<group>"; };
		F74922041ABCA85600F8A543 /* M.mp3 */ = {isa = PBXFileReference; lastKnownFileType = audio.mp3; path = M.mp3; sourceTree = "<group>"; };
		F74922051ABCA85600F8A543 /* N.mp3 */ = {isa = PBXFileReference; lastKnownFileType = audio.mp3; path = N.mp3; sourceTree = "<group>"; };
		F74922061ABCA85600F8A543 /* O.mp3 */ = {isa = PBXFileReference; lastKnownFileType = audio.mp3; path = O.mp3; sourceTree = "<group>"; };
		F74922071ABCA85600F8A543 /* P.mp3 */ = {isa = PBXFileReference; lastKnownFileType = audio.mp3; path = P.mp3; sourceTree = "<group>"; };
		F74922081ABCA85600F8A543 /* Q.mp3 */ = {isa = PBXFileReference; lastKnownFileType = audio.mp3; path = Q.mp3; sourceTree = "<group>"; };
		F74922091ABCA85600F8A543 /* R.mp3 */ = {isa = PBXFileReference; lastKnownFileType = audio.mp3; path = R.mp3; sourceTree = "<group>"; };
		F749220A1ABCA85600F8A543 /* S.mp3 */ = {isa = PBXFileReference; lastKnownFileType = audio.mp3; path = S.mp3; sourceTree = "<group>"; };
		F749220B1ABCA85600F8A543 /* T.mp3 */ = {isa = PBXFileReference; lastKnownFileType = audio.mp3; path = T.mp3; sourceTree = "<group>"; };
		F749220C1ABCA85600F8A543 /* U.mp3 */ = {isa = PBXFileReference; lastKnownFileType = audio.mp3; path = U.mp3; sourceTree = "<group>"; };
		F749220D1ABCA85600F8A543 /* V.mp3 */ = {isa = PBXFileReference; lastKnownFileType = audio.mp3; path = V.mp3; sourceTree = "<group>"; };
		F749220E1ABCA85600F8A543 /* W.mp3 */ = {isa = PBXFileReference; lastKnownFileType = audio.mp3; path = W.mp3; sourceTree = "<group>"; };
		F749220F1ABCA85600F8A543 /* X.mp3 */ = {isa = PBXFileReference; lastKnownFileType = audio.mp3; path = X.mp3; sourceTree = "<group>"; };
		F74922101ABCA85600F8A543 /* Y.mp3 */ = {isa = PBXFileReference; lastKnownFileType = audio.mp3; path = Y.mp3; sourceTree = "<group>"; };
		F74922111ABCA85600F8A543 /* Z.mp3 */ = {isa = PBXFileReference; lastKnownFileType = audio.mp3; path = Z.mp3; sourceTree = "<group>"; };
		F749222C1ABCABB400F8A543 /* DicionarioTableViewController.h */ = {isa = PBXFileReference; fileEncoding = 4; lastKnownFileType = sourcecode.c.h; name = DicionarioTableViewController.h; path = ../DicionarioTableViewController.h; sourceTree = "<group>"; };
		F749222D1ABCABB400F8A543 /* DicionarioTableViewController.m */ = {isa = PBXFileReference; fileEncoding = 4; lastKnownFileType = sourcecode.c.objc; name = DicionarioTableViewController.m; path = ../DicionarioTableViewController.m; sourceTree = "<group>"; };
		F77DA0421AB74B1C004849AB /* LetraViewController.h */ = {isa = PBXFileReference; fileEncoding = 4; lastKnownFileType = sourcecode.c.h; path = LetraViewController.h; sourceTree = "<group>"; };
		F77DA0431AB74B1C004849AB /* LetraViewController.m */ = {isa = PBXFileReference; fileEncoding = 4; lastKnownFileType = sourcecode.c.objc; path = LetraViewController.m; sourceTree = "<group>"; };
		F77DA0451AB74F2E004849AB /* Singleton.h */ = {isa = PBXFileReference; fileEncoding = 4; lastKnownFileType = sourcecode.c.h; path = Singleton.h; sourceTree = "<group>"; };
		F77DA0461AB74F2E004849AB /* Singleton.m */ = {isa = PBXFileReference; fileEncoding = 4; lastKnownFileType = sourcecode.c.objc; path = Singleton.m; sourceTree = "<group>"; };
		F7C286C81ABB63B700079501 /* Realm.framework */ = {isa = PBXFileReference; lastKnownFileType = wrapper.framework; path = Realm.framework; sourceTree = "<group>"; };
		F7C286CA1ABB63CA00079501 /* libc++.dylib */ = {isa = PBXFileReference; lastKnownFileType = "compiled.mach-o.dylib"; name = "libc++.dylib"; path = "usr/lib/libc++.dylib"; sourceTree = SDKROOT; };
/* End PBXFileReference section */

/* Begin PBXFrameworksBuildPhase section */
		27156F4618B76AF50053A99C /* Frameworks */ = {
			isa = PBXFrameworksBuildPhase;
			buildActionMask = 2147483647;
			files = (
				F73F98F21ABC9BC700E0D11C /* AVFoundation.framework in Frameworks */,
				F7C286CB1ABB63CA00079501 /* libc++.dylib in Frameworks */,
				F7C286C91ABB63B700079501 /* Realm.framework in Frameworks */,
				27156F4F18B76AF50053A99C /* CoreGraphics.framework in Frameworks */,
				27156F5118B76AF50053A99C /* UIKit.framework in Frameworks */,
				27156F4D18B76AF50053A99C /* Foundation.framework in Frameworks */,
			);
			runOnlyForDeploymentPostprocessing = 0;
		};
		27156F6118B76AF50053A99C /* Frameworks */ = {
			isa = PBXFrameworksBuildPhase;
			buildActionMask = 2147483647;
			files = (
				27156F6618B76AF50053A99C /* XCTest.framework in Frameworks */,
				27156F6818B76AF50053A99C /* UIKit.framework in Frameworks */,
				27156F6718B76AF50053A99C /* Foundation.framework in Frameworks */,
			);
			runOnlyForDeploymentPostprocessing = 0;
		};
/* End PBXFrameworksBuildPhase section */

/* Begin PBXGroup section */
		27156F4018B76AF50053A99C = {
			isa = PBXGroup;
			children = (
				F74921F71ABCA85600F8A543 /* SomPokémon */,
				F7C286C81ABB63B700079501 /* Realm.framework */,
				F77DA0451AB74F2E004849AB /* Singleton.h */,
				F77DA0461AB74F2E004849AB /* Singleton.m */,
				F77DA0421AB74B1C004849AB /* LetraViewController.h */,
				F77DA0431AB74B1C004849AB /* LetraViewController.m */,
				27156F5218B76AF50053A99C /* Navigation */,
				27156F6B18B76AF50053A99C /* NavigationTests */,
				27156F4B18B76AF50053A99C /* Frameworks */,
				27156F4A18B76AF50053A99C /* Products */,
			);
			sourceTree = "<group>";
		};
		27156F4A18B76AF50053A99C /* Products */ = {
			isa = PBXGroup;
			children = (
				27156F4918B76AF50053A99C /* Navigation.app */,
				27156F6418B76AF50053A99C /* NavigationTests.xctest */,
			);
			name = Products;
			sourceTree = "<group>";
		};
		27156F4B18B76AF50053A99C /* Frameworks */ = {
			isa = PBXGroup;
			children = (
				F73F98F11ABC9BC700E0D11C /* AVFoundation.framework */,
				F73F98EF1ABC99E200E0D11C /* AppKit */,
				F73F98ED1ABC98C000E0D11C /* AppKit.framework */,
				F7C286CA1ABB63CA00079501 /* libc++.dylib */,
				27156F4C18B76AF50053A99C /* Foundation.framework */,
				27156F4E18B76AF50053A99C /* CoreGraphics.framework */,
				27156F5018B76AF50053A99C /* UIKit.framework */,
				27156F6518B76AF50053A99C /* XCTest.framework */,
			);
			name = Frameworks;
			sourceTree = "<group>";
		};
		27156F5218B76AF50053A99C /* Navigation */ = {
			isa = PBXGroup;
			children = (
				F749222C1ABCABB400F8A543 /* DicionarioTableViewController.h */,
				F749222D1ABCABB400F8A543 /* DicionarioTableViewController.m */,
				27156F5B18B76AF50053A99C /* MackenzieAppDelegate.h */,
				27156F5C18B76AF50053A99C /* MackenzieAppDelegate.m */,
				27156F5E18B76AF50053A99C /* Images.xcassets */,
				27156F5318B76AF50053A99C /* Supporting Files */,
			);
			path = Navigation;
			sourceTree = "<group>";
		};
		27156F5318B76AF50053A99C /* Supporting Files */ = {
			isa = PBXGroup;
			children = (
				27156F5418B76AF50053A99C /* Navigation-Info.plist */,
				27156F5518B76AF50053A99C /* InfoPlist.strings */,
				27156F5818B76AF50053A99C /* main.m */,
				27156F5A18B76AF50053A99C /* Navigation-Prefix.pch */,
			);
			name = "Supporting Files";
			sourceTree = "<group>";
		};
		27156F6B18B76AF50053A99C /* NavigationTests */ = {
			isa = PBXGroup;
			children = (
				27156F7118B76AF50053A99C /* NavigationTests.m */,
				27156F6C18B76AF50053A99C /* Supporting Files */,
			);
			path = NavigationTests;
			sourceTree = "<group>";
		};
		27156F6C18B76AF50053A99C /* Supporting Files */ = {
			isa = PBXGroup;
			children = (
				27156F6D18B76AF50053A99C /* NavigationTests-Info.plist */,
				27156F6E18B76AF50053A99C /* InfoPlist.strings */,
			);
			name = "Supporting Files";
			sourceTree = "<group>";
		};
		F74921F71ABCA85600F8A543 /* SomPokémon */ = {
			isa = PBXGroup;
			children = (
				F74921F81ABCA85600F8A543 /* A.mp3 */,
				F74921F91ABCA85600F8A543 /* B.mp3 */,
				F74921FA1ABCA85600F8A543 /* C.mp3 */,
				F74921FB1ABCA85600F8A543 /* D.mp3 */,
				F74921FC1ABCA85600F8A543 /* E.mp3 */,
				F74921FD1ABCA85600F8A543 /* F.mp3 */,
				F74921FE1ABCA85600F8A543 /* G.mp3 */,
				F74921FF1ABCA85600F8A543 /* H.mp3 */,
				F74922001ABCA85600F8A543 /* I.mp3 */,
				F74922011ABCA85600F8A543 /* J.mp3 */,
				F74922021ABCA85600F8A543 /* K.mp3 */,
				F74922031ABCA85600F8A543 /* L.mp3 */,
				F74922041ABCA85600F8A543 /* M.mp3 */,
				F74922051ABCA85600F8A543 /* N.mp3 */,
				F74922061ABCA85600F8A543 /* O.mp3 */,
				F74922071ABCA85600F8A543 /* P.mp3 */,
				F74922081ABCA85600F8A543 /* Q.mp3 */,
				F74922091ABCA85600F8A543 /* R.mp3 */,
				F749220A1ABCA85600F8A543 /* S.mp3 */,
				F749220B1ABCA85600F8A543 /* T.mp3 */,
				F749220C1ABCA85600F8A543 /* U.mp3 */,
				F749220D1ABCA85600F8A543 /* V.mp3 */,
				F749220E1ABCA85600F8A543 /* W.mp3 */,
				F749220F1ABCA85600F8A543 /* X.mp3 */,
				F74922101ABCA85600F8A543 /* Y.mp3 */,
				F74922111ABCA85600F8A543 /* Z.mp3 */,
			);
			path = "SomPokémon";
			sourceTree = "<group>";
		};
/* End PBXGroup section */

/* Begin PBXNativeTarget section */
		27156F4818B76AF50053A99C /* Navigation */ = {
			isa = PBXNativeTarget;
			buildConfigurationList = 27156F7518B76AF50053A99C /* Build configuration list for PBXNativeTarget "Navigation" */;
			buildPhases = (
				27156F4518B76AF50053A99C /* Sources */,
				27156F4618B76AF50053A99C /* Frameworks */,
				27156F4718B76AF50053A99C /* Resources */,
			);
			buildRules = (
			);
			dependencies = (
			);
			name = Navigation;
			productName = Navigation;
			productReference = 27156F4918B76AF50053A99C /* Navigation.app */;
			productType = "com.apple.product-type.application";
		};
		27156F6318B76AF50053A99C /* NavigationTests */ = {
			isa = PBXNativeTarget;
			buildConfigurationList = 27156F7818B76AF50053A99C /* Build configuration list for PBXNativeTarget "NavigationTests" */;
			buildPhases = (
				27156F6018B76AF50053A99C /* Sources */,
				27156F6118B76AF50053A99C /* Frameworks */,
				27156F6218B76AF50053A99C /* Resources */,
			);
			buildRules = (
			);
			dependencies = (
				27156F6A18B76AF50053A99C /* PBXTargetDependency */,
			);
			name = NavigationTests;
			productName = NavigationTests;
			productReference = 27156F6418B76AF50053A99C /* NavigationTests.xctest */;
			productType = "com.apple.product-type.bundle.unit-test";
		};
/* End PBXNativeTarget section */

/* Begin PBXProject section */
		27156F4118B76AF50053A99C /* Project object */ = {
			isa = PBXProject;
			attributes = {
				CLASSPREFIX = Mackenzie;
				LastUpgradeCheck = 0620;
				ORGANIZATIONNAME = "Vinicius Miana";
				TargetAttributes = {
					27156F6318B76AF50053A99C = {
						TestTargetID = 27156F4818B76AF50053A99C;
					};
				};
			};
			buildConfigurationList = 27156F4418B76AF50053A99C /* Build configuration list for PBXProject "Navigation" */;
			compatibilityVersion = "Xcode 3.2";
			developmentRegion = English;
			hasScannedForEncodings = 0;
			knownRegions = (
				en,
			);
			mainGroup = 27156F4018B76AF50053A99C;
			productRefGroup = 27156F4A18B76AF50053A99C /* Products */;
			projectDirPath = "";
			projectRoot = "";
			targets = (
				27156F4818B76AF50053A99C /* Navigation */,
				27156F6318B76AF50053A99C /* NavigationTests */,
			);
		};
/* End PBXProject section */

/* Begin PBXResourcesBuildPhase section */
		27156F4718B76AF50053A99C /* Resources */ = {
			isa = PBXResourcesBuildPhase;
			buildActionMask = 2147483647;
			files = (
				F74922121ABCA8B800F8A543 /* A.mp3 in Resources */,
				F74922131ABCA8B800F8A543 /* B.mp3 in Resources */,
				F74922141ABCA8B800F8A543 /* C.mp3 in Resources */,
				F74922151ABCA8B800F8A543 /* D.mp3 in Resources */,
				F74922161ABCA8B800F8A543 /* E.mp3 in Resources */,
				F74922171ABCA8B800F8A543 /* F.mp3 in Resources */,
				F74922181ABCA8B800F8A543 /* G.mp3 in Resources */,
				F74922191ABCA8B800F8A543 /* H.mp3 in Resources */,
				F749221A1ABCA8B800F8A543 /* I.mp3 in Resources */,
				F749221B1ABCA8B800F8A543 /* J.mp3 in Resources */,
				F749221C1ABCA8B800F8A543 /* K.mp3 in Resources */,
				F749221D1ABCA8B800F8A543 /* L.mp3 in Resources */,
				F749221E1ABCA8B800F8A543 /* M.mp3 in Resources */,
				F749221F1ABCA8B800F8A543 /* N.mp3 in Resources */,
				F74922201ABCA8B800F8A543 /* O.mp3 in Resources */,
				F74922211ABCA8B800F8A543 /* P.mp3 in Resources */,
				F74922221ABCA8B800F8A543 /* Q.mp3 in Resources */,
				F74922231ABCA8B800F8A543 /* R.mp3 in Resources */,
				F74922241ABCA8B800F8A543 /* S.mp3 in Resources */,
				F74922251ABCA8B800F8A543 /* T.mp3 in Resources */,
				F74922261ABCA8B800F8A543 /* U.mp3 in Resources */,
				F74922271ABCA8B800F8A543 /* V.mp3 in Resources */,
				F74922281ABCA8B800F8A543 /* W.mp3 in Resources */,
				F74922291ABCA8B800F8A543 /* X.mp3 in Resources */,
				F749222A1ABCA8B800F8A543 /* Y.mp3 in Resources */,
				F749222B1ABCA8B800F8A543 /* Z.mp3 in Resources */,
				27156F5718B76AF50053A99C /* InfoPlist.strings in Resources */,
				27156F5F18B76AF50053A99C /* Images.xcassets in Resources */,
			);
			runOnlyForDeploymentPostprocessing = 0;
		};
		27156F6218B76AF50053A99C /* Resources */ = {
			isa = PBXResourcesBuildPhase;
			buildActionMask = 2147483647;
			files = (
				27156F7018B76AF50053A99C /* InfoPlist.strings in Resources */,
			);
			runOnlyForDeploymentPostprocessing = 0;
		};
/* End PBXResourcesBuildPhase section */

/* Begin PBXSourcesBuildPhase section */
		27156F4518B76AF50053A99C /* Sources */ = {
			isa = PBXSourcesBuildPhase;
			buildActionMask = 2147483647;
			files = (
				F749222E1ABCABB400F8A543 /* DicionarioTableViewController.m in Sources */,
				27156F5D18B76AF50053A99C /* MackenzieAppDelegate.m in Sources */,
				F77DA0471AB74F2E004849AB /* Singleton.m in Sources */,
				F77DA0441AB74B1C004849AB /* LetraViewController.m in Sources */,
				27156F5918B76AF50053A99C /* main.m in Sources */,
			);
			runOnlyForDeploymentPostprocessing = 0;
		};
		27156F6018B76AF50053A99C /* Sources */ = {
			isa = PBXSourcesBuildPhase;
			buildActionMask = 2147483647;
			files = (
				27156F7218B76AF50053A99C /* NavigationTests.m in Sources */,
			);
			runOnlyForDeploymentPostprocessing = 0;
		};
/* End PBXSourcesBuildPhase section */

/* Begin PBXTargetDependency section */
		27156F6A18B76AF50053A99C /* PBXTargetDependency */ = {
			isa = PBXTargetDependency;
			target = 27156F4818B76AF50053A99C /* Navigation */;
			targetProxy = 27156F6918B76AF50053A99C /* PBXContainerItemProxy */;
		};
/* End PBXTargetDependency section */

/* Begin PBXVariantGroup section */
		27156F5518B76AF50053A99C /* InfoPlist.strings */ = {
			isa = PBXVariantGroup;
			children = (
				27156F5618B76AF50053A99C /* en */,
			);
			name = InfoPlist.strings;
			sourceTree = "<group>";
		};
		27156F6E18B76AF50053A99C /* InfoPlist.strings */ = {
			isa = PBXVariantGroup;
			children = (
				27156F6F18B76AF50053A99C /* en */,
			);
			name = InfoPlist.strings;
			sourceTree = "<group>";
		};
/* End PBXVariantGroup section */

/* Begin XCBuildConfiguration section */
		27156F7318B76AF50053A99C /* Debug */ = {
			isa = XCBuildConfiguration;
			buildSettings = {
				ALWAYS_SEARCH_USER_PATHS = NO;
				CLANG_CXX_LANGUAGE_STANDARD = "gnu++0x";
				CLANG_CXX_LIBRARY = "libc++";
				CLANG_ENABLE_MODULES = YES;
				CLANG_ENABLE_OBJC_ARC = YES;
				CLANG_WARN_BOOL_CONVERSION = YES;
				CLANG_WARN_CONSTANT_CONVERSION = YES;
				CLANG_WARN_DIRECT_OBJC_ISA_USAGE = YES_ERROR;
				CLANG_WARN_EMPTY_BODY = YES;
				CLANG_WARN_ENUM_CONVERSION = YES;
				CLANG_WARN_INT_CONVERSION = YES;
				CLANG_WARN_OBJC_ROOT_CLASS = YES_ERROR;
				CLANG_WARN__DUPLICATE_METHOD_MATCH = YES;
				"CODE_SIGN_IDENTITY[sdk=iphoneos*]" = "iPhone Developer";
				COPY_PHASE_STRIP = NO;
				GCC_C_LANGUAGE_STANDARD = gnu99;
				GCC_DYNAMIC_NO_PIC = NO;
				GCC_OPTIMIZATION_LEVEL = 0;
				GCC_PREPROCESSOR_DEFINITIONS = (
					"DEBUG=1",
					"$(inherited)",
				);
				GCC_SYMBOLS_PRIVATE_EXTERN = NO;
				GCC_WARN_64_TO_32_BIT_CONVERSION = YES;
				GCC_WARN_ABOUT_RETURN_TYPE = YES_ERROR;
				GCC_WARN_UNDECLARED_SELECTOR = YES;
				GCC_WARN_UNINITIALIZED_AUTOS = YES;
				GCC_WARN_UNUSED_FUNCTION = YES;
				GCC_WARN_UNUSED_VARIABLE = YES;
				IPHONEOS_DEPLOYMENT_TARGET = 7.0;
				ONLY_ACTIVE_ARCH = YES;
				SDKROOT = iphoneos;
			};
			name = Debug;
		};
		27156F7418B76AF50053A99C /* Release */ = {
			isa = XCBuildConfiguration;
			buildSettings = {
				ALWAYS_SEARCH_USER_PATHS = NO;
				CLANG_CXX_LANGUAGE_STANDARD = "gnu++0x";
				CLANG_CXX_LIBRARY = "libc++";
				CLANG_ENABLE_MODULES = YES;
				CLANG_ENABLE_OBJC_ARC = YES;
				CLANG_WARN_BOOL_CONVERSION = YES;
				CLANG_WARN_CONSTANT_CONVERSION = YES;
				CLANG_WARN_DIRECT_OBJC_ISA_USAGE = YES_ERROR;
				CLANG_WARN_EMPTY_BODY = YES;
				CLANG_WARN_ENUM_CONVERSION = YES;
				CLANG_WARN_INT_CONVERSION = YES;
				CLANG_WARN_OBJC_ROOT_CLASS = YES_ERROR;
				CLANG_WARN__DUPLICATE_METHOD_MATCH = YES;
				"CODE_SIGN_IDENTITY[sdk=iphoneos*]" = "iPhone Developer";
				COPY_PHASE_STRIP = YES;
				ENABLE_NS_ASSERTIONS = NO;
				GCC_C_LANGUAGE_STANDARD = gnu99;
				GCC_WARN_64_TO_32_BIT_CONVERSION = YES;
				GCC_WARN_ABOUT_RETURN_TYPE = YES_ERROR;
				GCC_WARN_UNDECLARED_SELECTOR = YES;
				GCC_WARN_UNINITIALIZED_AUTOS = YES;
				GCC_WARN_UNUSED_FUNCTION = YES;
				GCC_WARN_UNUSED_VARIABLE = YES;
				IPHONEOS_DEPLOYMENT_TARGET = 7.0;
				SDKROOT = iphoneos;
				VALIDATE_PRODUCT = YES;
			};
			name = Release;
		};
		27156F7618B76AF50053A99C /* Debug */ = {
			isa = XCBuildConfiguration;
			buildSettings = {
				ASSETCATALOG_COMPILER_APPICON_NAME = AppIcon;
				ASSETCATALOG_COMPILER_LAUNCHIMAGE_NAME = LaunchImage;
				FRAMEWORK_SEARCH_PATHS = (
					"$(inherited)",
					"$(PROJECT_DIR)",
				);
				GCC_PRECOMPILE_PREFIX_HEADER = YES;
				GCC_PREFIX_HEADER = "Navigation/Navigation-Prefix.pch";
				INFOPLIST_FILE = "Navigation/Navigation-Info.plist";
				LIBRARY_SEARCH_PATHS = (
					"$(inherited)",
					"$(SYSTEM_LIBRARY_DIR)/Frameworks/AppKit.framework/Versions/C",
				);
				PRODUCT_NAME = "$(TARGET_NAME)";
				WRAPPER_EXTENSION = app;
			};
			name = Debug;
		};
		27156F7718B76AF50053A99C /* Release */ = {
			isa = XCBuildConfiguration;
			buildSettings = {
				ASSETCATALOG_COMPILER_APPICON_NAME = AppIcon;
				ASSETCATALOG_COMPILER_LAUNCHIMAGE_NAME = LaunchImage;
				FRAMEWORK_SEARCH_PATHS = (
					"$(inherited)",
					"$(PROJECT_DIR)",
				);
				GCC_PRECOMPILE_PREFIX_HEADER = YES;
				GCC_PREFIX_HEADER = "Navigation/Navigation-Prefix.pch";
				INFOPLIST_FILE = "Navigation/Navigation-Info.plist";
				LIBRARY_SEARCH_PATHS = (
					"$(inherited)",
					"$(SYSTEM_LIBRARY_DIR)/Frameworks/AppKit.framework/Versions/C",
				);
				PRODUCT_NAME = "$(TARGET_NAME)";
				WRAPPER_EXTENSION = app;
			};
			name = Release;
		};
		27156F7918B76AF50053A99C /* Debug */ = {
			isa = XCBuildConfiguration;
			buildSettings = {
				BUNDLE_LOADER = "$(BUILT_PRODUCTS_DIR)/Navigation.app/Navigation";
				FRAMEWORK_SEARCH_PATHS = (
					"$(SDKROOT)/Developer/Library/Frameworks",
					"$(inherited)",
					"$(DEVELOPER_FRAMEWORKS_DIR)",
				);
				GCC_PRECOMPILE_PREFIX_HEADER = YES;
				GCC_PREFIX_HEADER = "Navigation/Navigation-Prefix.pch";
				GCC_PREPROCESSOR_DEFINITIONS = (
					"DEBUG=1",
					"$(inherited)",
				);
				INFOPLIST_FILE = "NavigationTests/NavigationTests-Info.plist";
				PRODUCT_NAME = "$(TARGET_NAME)";
				TEST_HOST = "$(BUNDLE_LOADER)";
				WRAPPER_EXTENSION = xctest;
			};
			name = Debug;
		};
		27156F7A18B76AF50053A99C /* Release */ = {
			isa = XCBuildConfiguration;
			buildSettings = {
				BUNDLE_LOADER = "$(BUILT_PRODUCTS_DIR)/Navigation.app/Navigation";
				FRAMEWORK_SEARCH_PATHS = (
					"$(SDKROOT)/Developer/Library/Frameworks",
					"$(inherited)",
					"$(DEVELOPER_FRAMEWORKS_DIR)",
				);
				GCC_PRECOMPILE_PREFIX_HEADER = YES;
				GCC_PREFIX_HEADER = "Navigation/Navigation-Prefix.pch";
				INFOPLIST_FILE = "NavigationTests/NavigationTests-Info.plist";
				PRODUCT_NAME = "$(TARGET_NAME)";
				TEST_HOST = "$(BUNDLE_LOADER)";
				WRAPPER_EXTENSION = xctest;
			};
			name = Release;
		};
/* End XCBuildConfiguration section */

/* Begin XCConfigurationList section */
		27156F4418B76AF50053A99C /* Build configuration list for PBXProject "Navigation" */ = {
			isa = XCConfigurationList;
			buildConfigurations = (
				27156F7318B76AF50053A99C /* Debug */,
				27156F7418B76AF50053A99C /* Release */,
			);
			defaultConfigurationIsVisible = 0;
			defaultConfigurationName = Release;
		};
		27156F7518B76AF50053A99C /* Build configuration list for PBXNativeTarget "Navigation" */ = {
			isa = XCConfigurationList;
			buildConfigurations = (
				27156F7618B76AF50053A99C /* Debug */,
				27156F7718B76AF50053A99C /* Release */,
			);
			defaultConfigurationIsVisible = 0;
			defaultConfigurationName = Release;
		};
		27156F7818B76AF50053A99C /* Build configuration list for PBXNativeTarget "NavigationTests" */ = {
			isa = XCConfigurationList;
			buildConfigurations = (
				27156F7918B76AF50053A99C /* Debug */,
				27156F7A18B76AF50053A99C /* Release */,
			);
			defaultConfigurationIsVisible = 0;
			defaultConfigurationName = Release;
		};
/* End XCConfigurationList section */
	};
	rootObject = 27156F4118B76AF50053A99C /* Project object */;
}
